
Microsoft Visual Studio Solution File, Format Version 12.00
# Visual Studio Version 17
VisualStudioVersion = 17.10.34928.147
MinimumVisualStudioVersion = 10.0.40219.1
Project("{FAE04EC0-301F-11D3-BF4B-00C04F79EFBC}") = "teamproject-2024", "teamproject-2024.csproj", "{718E965A-C993-44FB-999A-9638550A795B}"
EndProject
Global
	GlobalSection(SolutionConfigurationPlatforms) = preSolution
		Debug|Any CPU = Debug|Any CPU
		Release|Any CPU = Release|Any CPU
	EndGlobalSection
	GlobalSection(ProjectConfigurationPlatforms) = postSolution
		{718E965A-C993-44FB-999A-9638550A795B}.Debug|Any CPU.ActiveCfg = Debug|Any CPU
		{718E965A-C993-44FB-999A-9638550A795B}.Debug|Any CPU.Build.0 = Debug|Any CPU
		{718E965A-C993-44FB-999A-9638550A795B}.Release|Any CPU.ActiveCfg = Release|Any CPU
		{718E965A-C993-44FB-999A-9638550A795B}.Release|Any CPU.Build.0 = Release|Any CPU
	EndGlobalSection
	GlobalSection(SolutionProperties) = preSolution
		HideSolutionNode = FALSE
	EndGlobalSection
	GlobalSection(ExtensibilityGlobals) = postSolution
		SolutionGuid = {9971AE03-856B-441E-A709-29C15CB910EA}
	EndGlobalSection
EndGlobal
